// !$*UTF8*$!
{
	archiveVersion = 1;
	classes = {
	};
	objectVersion = 56;
	objects = {

/* Begin PBXBuildFile section */
		A6AEBC5B2A6EA6D800C978BF /* WeatherAppApp.swift in Sources */ = {isa = PBXBuildFile; fileRef = A6AEBC5A2A6EA6D800C978BF /* WeatherAppApp.swift */; };
		A6AEBC5D2A6EA6D800C978BF /* ContentView.swift in Sources */ = {isa = PBXBuildFile; fileRef = A6AEBC5C2A6EA6D800C978BF /* ContentView.swift */; };
		A6AEBC5F2A6EA6D900C978BF /* Assets.xcassets in Resources */ = {isa = PBXBuildFile; fileRef = A6AEBC5E2A6EA6D900C978BF /* Assets.xcassets */; };
		A6AEBC622A6EA6D900C978BF /* Preview Assets.xcassets in Resources */ = {isa = PBXBuildFile; fileRef = A6AEBC612A6EA6D900C978BF /* Preview Assets.xcassets */; };
		A6AEBC6A2A6EA74400C978BF /* locationManager.swift in Sources */ = {isa = PBXBuildFile; fileRef = A6AEBC692A6EA74400C978BF /* locationManager.swift */; };
		A6AEBC6D2A6EB1A400C978BF /* welcomeView.swift in Sources */ = {isa = PBXBuildFile; fileRef = A6AEBC6C2A6EB1A400C978BF /* welcomeView.swift */; };
		A6AEBC6F2A6EDB1200C978BF /* loadingView.swift in Sources */ = {isa = PBXBuildFile; fileRef = A6AEBC6E2A6EDB1200C978BF /* loadingView.swift */; };
		A6AEBC712A6EDCDF00C978BF /* weatherManager.swift in Sources */ = {isa = PBXBuildFile; fileRef = A6AEBC702A6EDCDF00C978BF /* weatherManager.swift */; };
		A6AEBC742A6FBBDD00C978BF /* ResponseBody.swift in Sources */ = {isa = PBXBuildFile; fileRef = A6AEBC732A6FBBDD00C978BF /* ResponseBody.swift */; };
		A6AEBC762A7181FA00C978BF /* weatherView.swift in Sources */ = {isa = PBXBuildFile; fileRef = A6AEBC752A7181FA00C978BF /* weatherView.swift */; };
		A6AEBC792A720DF700C978BF /* config.swift in Sources */ = {isa = PBXBuildFile; fileRef = A6AEBC782A720DF700C978BF /* config.swift */; };
		A6AEBC7B2A73937A00C978BF /* ModelData.swift in Sources */ = {isa = PBXBuildFile; fileRef = A6AEBC7A2A73937900C978BF /* ModelData.swift */; };
		A6AEBC7D2A7394F000C978BF /* weatherData.json in Resources */ = {isa = PBXBuildFile; fileRef = A6AEBC7C2A7394F000C978BF /* weatherData.json */; };
		A6AEBC812A74E7A800C978BF /* double.swift in Sources */ = {isa = PBXBuildFile; fileRef = A6AEBC802A74E7A800C978BF /* double.swift */; };
		A6AEBC832A75077800C978BF /* corner_radius.swift in Sources */ = {isa = PBXBuildFile; fileRef = A6AEBC822A75077800C978BF /* corner_radius.swift */; };
/* End PBXBuildFile section */

/* Begin PBXFileReference section */
		A6AEBC572A6EA6D800C978BF /* WeatherApp.app */ = {isa = PBXFileReference; explicitFileType = wrapper.application; includeInIndex = 0; path = WeatherApp.app; sourceTree = BUILT_PRODUCTS_DIR; };
		A6AEBC5A2A6EA6D800C978BF /* WeatherAppApp.swift */ = {isa = PBXFileReference; lastKnownFileType = sourcecode.swift; path = WeatherAppApp.swift; sourceTree = "<group>"; };
		A6AEBC5C2A6EA6D800C978BF /* ContentView.swift */ = {isa = PBXFileReference; lastKnownFileType = sourcecode.swift; path = ContentView.swift; sourceTree = "<group>"; };
		A6AEBC5E2A6EA6D900C978BF /* Assets.xcassets */ = {isa = PBXFileReference; lastKnownFileType = folder.assetcatalog; path = Assets.xcassets; sourceTree = "<group>"; };
		A6AEBC612A6EA6D900C978BF /* Preview Assets.xcassets */ = {isa = PBXFileReference; lastKnownFileType = folder.assetcatalog; path = "Preview Assets.xcassets"; sourceTree = "<group>"; };
		A6AEBC692A6EA74400C978BF /* locationManager.swift */ = {isa = PBXFileReference; lastKnownFileType = sourcecode.swift; path = locationManager.swift; sourceTree = "<group>"; };
		A6AEBC6C2A6EB1A400C978BF /* welcomeView.swift */ = {isa = PBXFileReference; lastKnownFileType = sourcecode.swift; path = welcomeView.swift; sourceTree = "<group>"; };
		A6AEBC6E2A6EDB1200C978BF /* loadingView.swift */ = {isa = PBXFileReference; lastKnownFileType = sourcecode.swift; path = loadingView.swift; sourceTree = "<group>"; };
		A6AEBC702A6EDCDF00C978BF /* weatherManager.swift */ = {isa = PBXFileReference; lastKnownFileType = sourcecode.swift; path = weatherManager.swift; sourceTree = "<group>"; };
		A6AEBC732A6FBBDD00C978BF /* ResponseBody.swift */ = {isa = PBXFileReference; lastKnownFileType = sourcecode.swift; path = ResponseBody.swift; sourceTree = "<group>"; };
		A6AEBC752A7181FA00C978BF /* weatherView.swift */ = {isa = PBXFileReference; lastKnownFileType = sourcecode.swift; path = weatherView.swift; sourceTree = "<group>"; };
		A6AEBC782A720DF700C978BF /* config.swift */ = {isa = PBXFileReference; lastKnownFileType = sourcecode.swift; path = config.swift; sourceTree = "<group>"; };
		A6AEBC7A2A73937900C978BF /* ModelData.swift */ = {isa = PBXFileReference; lastKnownFileType = sourcecode.swift; path = ModelData.swift; sourceTree = "<group>"; };
		A6AEBC7C2A7394F000C978BF /* weatherData.json */ = {isa = PBXFileReference; lastKnownFileType = text.json; path = weatherData.json; sourceTree = "<group>"; };
		A6AEBC802A74E7A800C978BF /* double.swift */ = {isa = PBXFileReference; lastKnownFileType = sourcecode.swift; path = double.swift; sourceTree = "<group>"; };
		A6AEBC822A75077800C978BF /* corner_radius.swift */ = {isa = PBXFileReference; lastKnownFileType = sourcecode.swift; path = corner_radius.swift; sourceTree = "<group>"; };
/* End PBXFileReference section */

/* Begin PBXFrameworksBuildPhase section */
		A6AEBC542A6EA6D800C978BF /* Frameworks */ = {
			isa = PBXFrameworksBuildPhase;
			buildActionMask = 2147483647;
			files = (
			);
			runOnlyForDeploymentPostprocessing = 0;
		};
/* End PBXFrameworksBuildPhase section */

/* Begin PBXGroup section */
		A6AEBC4E2A6EA6D800C978BF = {
			isa = PBXGroup;
			children = (
				A6AEBC592A6EA6D800C978BF /* WeatherApp */,
				A6AEBC582A6EA6D800C978BF /* Products */,
			);
			sourceTree = "<group>";
		};
		A6AEBC582A6EA6D800C978BF /* Products */ = {
			isa = PBXGroup;
			children = (
				A6AEBC572A6EA6D800C978BF /* WeatherApp.app */,
			);
			name = Products;
			sourceTree = "<group>";
		};
		A6AEBC592A6EA6D800C978BF /* WeatherApp */ = {
			isa = PBXGroup;
			children = (
				A6AEBC7F2A74E77400C978BF /* Extensions */,
				A6AEBC782A720DF700C978BF /* config.swift */,
				A6AEBC722A6FBB9F00C978BF /* Models */,
				A6AEBC6B2A6EB12500C978BF /* Views */,
				A6AEBC682A6EA72700C978BF /* Managers */,
				A6AEBC5A2A6EA6D800C978BF /* WeatherAppApp.swift */,
				A6AEBC5E2A6EA6D900C978BF /* Assets.xcassets */,
				A6AEBC602A6EA6D900C978BF /* Preview Content */,
			);
			path = WeatherApp;
			sourceTree = "<group>";
		};
		A6AEBC602A6EA6D900C978BF /* Preview Content */ = {
			isa = PBXGroup;
			children = (
				A6AEBC612A6EA6D900C978BF /* Preview Assets.xcassets */,
				A6AEBC7A2A73937900C978BF /* ModelData.swift */,
				A6AEBC7C2A7394F000C978BF /* weatherData.json */,
			);
			path = "Preview Content";
			sourceTree = "<group>";
		};
		A6AEBC682A6EA72700C978BF /* Managers */ = {
			isa = PBXGroup;
			children = (
				A6AEBC692A6EA74400C978BF /* locationManager.swift */,
				A6AEBC702A6EDCDF00C978BF /* weatherManager.swift */,
			);
			path = Managers;
			sourceTree = "<group>";
		};
		A6AEBC6B2A6EB12500C978BF /* Views */ = {
			isa = PBXGroup;
			children = (
				A6AEBC5C2A6EA6D800C978BF /* ContentView.swift */,
				A6AEBC6E2A6EDB1200C978BF /* loadingView.swift */,
				A6AEBC6C2A6EB1A400C978BF /* welcomeView.swift */,
				A6AEBC752A7181FA00C978BF /* weatherView.swift */,
			);
			path = Views;
			sourceTree = "<group>";
		};
		A6AEBC722A6FBB9F00C978BF /* Models */ = {
			isa = PBXGroup;
			children = (
				A6AEBC732A6FBBDD00C978BF /* ResponseBody.swift */,
			);
			path = Models;
			sourceTree = "<group>";
		};
		A6AEBC7F2A74E77400C978BF /* Extensions */ = {
			isa = PBXGroup;
			children = (
				A6AEBC802A74E7A800C978BF /* double.swift */,
				A6AEBC822A75077800C978BF /* corner_radius.swift */,
			);
			path = Extensions;
			sourceTree = "<group>";
		};
/* End PBXGroup section */

/* Begin PBXNativeTarget section */
		A6AEBC562A6EA6D800C978BF /* WeatherApp */ = {
			isa = PBXNativeTarget;
			buildConfigurationList = A6AEBC652A6EA6D900C978BF /* Build configuration list for PBXNativeTarget "WeatherApp" */;
			buildPhases = (
				A6AEBC532A6EA6D800C978BF /* Sources */,
				A6AEBC542A6EA6D800C978BF /* Frameworks */,
				A6AEBC552A6EA6D800C978BF /* Resources */,
			);
			buildRules = (
			);
			dependencies = (
			);
			name = WeatherApp;
			productName = WeatherApp;
			productReference = A6AEBC572A6EA6D800C978BF /* WeatherApp.app */;
			productType = "com.apple.product-type.application";
		};
/* End PBXNativeTarget section */

/* Begin PBXProject section */
		A6AEBC4F2A6EA6D800C978BF /* Project object */ = {
			isa = PBXProject;
			attributes = {
				BuildIndependentTargetsInParallel = 1;
				LastSwiftUpdateCheck = 1420;
				LastUpgradeCheck = 1420;
				TargetAttributes = {
					A6AEBC562A6EA6D800C978BF = {
						CreatedOnToolsVersion = 14.2;
					};
				};
			};
			buildConfigurationList = A6AEBC522A6EA6D800C978BF /* Build configuration list for PBXProject "WeatherApp" */;
			compatibilityVersion = "Xcode 14.0";
			developmentRegion = en;
			hasScannedForEncodings = 0;
			knownRegions = (
				en,
				Base,
			);
			mainGroup = A6AEBC4E2A6EA6D800C978BF;
			productRefGroup = A6AEBC582A6EA6D800C978BF /* Products */;
			projectDirPath = "";
			projectRoot = "";
			targets = (
				A6AEBC562A6EA6D800C978BF /* WeatherApp */,
			);
		};
/* End PBXProject section */

/* Begin PBXResourcesBuildPhase section */
		A6AEBC552A6EA6D800C978BF /* Resources */ = {
			isa = PBXResourcesBuildPhase;
			buildActionMask = 2147483647;
			files = (
				A6AEBC622A6EA6D900C978BF /* Preview Assets.xcassets in Resources */,
				A6AEBC7D2A7394F000C978BF /* weatherData.json in Resources */,
				A6AEBC5F2A6EA6D900C978BF /* Assets.xcassets in Resources */,
			);
			runOnlyForDeploymentPostprocessing = 0;
		};
/* End PBXResourcesBuildPhase section */

/* Begin PBXSourcesBuildPhase section */
		A6AEBC532A6EA6D800C978BF /* Sources */ = {
			isa = PBXSourcesBuildPhase;
			buildActionMask = 2147483647;
			files = (
				A6AEBC742A6FBBDD00C978BF /* ResponseBody.swift in Sources */,
				A6AEBC5D2A6EA6D800C978BF /* ContentView.swift in Sources */,
				A6AEBC832A75077800C978BF /* corner_radius.swift in Sources */,
				A6AEBC5B2A6EA6D800C978BF /* WeatherAppApp.swift in Sources */,
				A6AEBC712A6EDCDF00C978BF /* weatherManager.swift in Sources */,
				A6AEBC6A2A6EA74400C978BF /* locationManager.swift in Sources */,
				A6AEBC6F2A6EDB1200C978BF /* loadingView.swift in Sources */,
				A6AEBC792A720DF700C978BF /* config.swift in Sources */,
				A6AEBC7B2A73937A00C978BF /* ModelData.swift in Sources */,
				A6AEBC812A74E7A800C978BF /* double.swift in Sources */,
				A6AEBC6D2A6EB1A400C978BF /* welcomeView.swift in Sources */,
				A6AEBC762A7181FA00C978BF /* weatherView.swift in Sources */,
			);
			runOnlyForDeploymentPostprocessing = 0;
		};
/* End PBXSourcesBuildPhase section */

/* Begin XCBuildConfiguration section */
		A6AEBC632A6EA6D900C978BF /* Debug */ = {
			isa = XCBuildConfiguration;
			buildSettings = {
				ALWAYS_SEARCH_USER_PATHS = NO;
				CLANG_ANALYZER_NONNULL = YES;
				CLANG_ANALYZER_NUMBER_OBJECT_CONVERSION = YES_AGGRESSIVE;
				CLANG_CXX_LANGUAGE_STANDARD = "gnu++20";
				CLANG_ENABLE_MODULES = YES;
				CLANG_ENABLE_OBJC_ARC = YES;
				CLANG_ENABLE_OBJC_WEAK = YES;
				CLANG_WARN_BLOCK_CAPTURE_AUTORELEASING = YES;
				CLANG_WARN_BOOL_CONVERSION = YES;
				CLANG_WARN_COMMA = YES;
				CLANG_WARN_CONSTANT_CONVERSION = YES;
				CLANG_WARN_DEPRECATED_OBJC_IMPLEMENTATIONS = YES;
				CLANG_WARN_DIRECT_OBJC_ISA_USAGE = YES_ERROR;
				CLANG_WARN_DOCUMENTATION_COMMENTS = YES;
				CLANG_WARN_EMPTY_BODY = YES;
				CLANG_WARN_ENUM_CONVERSION = YES;
				CLANG_WARN_INFINITE_RECURSION = YES;
				CLANG_WARN_INT_CONVERSION = YES;
				CLANG_WARN_NON_LITERAL_NULL_CONVERSION = YES;
				CLANG_WARN_OBJC_IMPLICIT_RETAIN_SELF = YES;
				CLANG_WARN_OBJC_LITERAL_CONVERSION = YES;
				CLANG_WARN_OBJC_ROOT_CLASS = YES_ERROR;
				CLANG_WARN_QUOTED_INCLUDE_IN_FRAMEWORK_HEADER = YES;
				CLANG_WARN_RANGE_LOOP_ANALYSIS = YES;
				CLANG_WARN_STRICT_PROTOTYPES = YES;
				CLANG_WARN_SUSPICIOUS_MOVE = YES;
				CLANG_WARN_UNGUARDED_AVAILABILITY = YES_AGGRESSIVE;
				CLANG_WARN_UNREACHABLE_CODE = YES;
				CLANG_WARN__DUPLICATE_METHOD_MATCH = YES;
				COPY_PHASE_STRIP = NO;
				DEBUG_INFORMATION_FORMAT = dwarf;
				ENABLE_STRICT_OBJC_MSGSEND = YES;
				ENABLE_TESTABILITY = YES;
				GCC_C_LANGUAGE_STANDARD = gnu11;
				GCC_DYNAMIC_NO_PIC = NO;
				GCC_NO_COMMON_BLOCKS = YES;
				GCC_OPTIMIZATION_LEVEL = 0;
				GCC_PREPROCESSOR_DEFINITIONS = (
					"DEBUG=1",
					"$(inherited)",
				);
				GCC_WARN_64_TO_32_BIT_CONVERSION = YES;
				GCC_WARN_ABOUT_RETURN_TYPE = YES_ERROR;
				GCC_WARN_UNDECLARED_SELECTOR = YES;
				GCC_WARN_UNINITIALIZED_AUTOS = YES_AGGRESSIVE;
				GCC_WARN_UNUSED_FUNCTION = YES;
				GCC_WARN_UNUSED_VARIABLE = YES;
				IPHONEOS_DEPLOYMENT_TARGET = 16.2;
				MTL_ENABLE_DEBUG_INFO = INCLUDE_SOURCE;
				MTL_FAST_MATH = YES;
				ONLY_ACTIVE_ARCH = YES;
				SDKROOT = iphoneos;
				SWIFT_ACTIVE_COMPILATION_CONDITIONS = DEBUG;
				SWIFT_OPTIMIZATION_LEVEL = "-Onone";
			};
			name = Debug;
		};
		A6AEBC642A6EA6D900C978BF /* Release */ = {
			isa = XCBuildConfiguration;
			buildSettings = {
				ALWAYS_SEARCH_USER_PATHS = NO;
				CLANG_ANALYZER_NONNULL = YES;
				CLANG_ANALYZER_NUMBER_OBJECT_CONVERSION = YES_AGGRESSIVE;
				CLANG_CXX_LANGUAGE_STANDARD = "gnu++20";
				CLANG_ENABLE_MODULES = YES;
				CLANG_ENABLE_OBJC_ARC = YES;
				CLANG_ENABLE_OBJC_WEAK = YES;
				CLANG_WARN_BLOCK_CAPTURE_AUTORELEASING = YES;
				CLANG_WARN_BOOL_CONVERSION = YES;
				CLANG_WARN_COMMA = YES;
				CLANG_WARN_CONSTANT_CONVERSION = YES;
				CLANG_WARN_DEPRECATED_OBJC_IMPLEMENTATIONS = YES;
				CLANG_WARN_DIRECT_OBJC_ISA_USAGE = YES_ERROR;
				CLANG_WARN_DOCUMENTATION_COMMENTS = YES;
				CLANG_WARN_EMPTY_BODY = YES;
				CLANG_WARN_ENUM_CONVERSION = YES;
				CLANG_WARN_INFINITE_RECURSION = YES;
				CLANG_WARN_INT_CONVERSION = YES;
				CLANG_WARN_NON_LITERAL_NULL_CONVERSION = YES;
				CLANG_WARN_OBJC_IMPLICIT_RETAIN_SELF = YES;
				CLANG_WARN_OBJC_LITERAL_CONVERSION = YES;
				CLANG_WARN_OBJC_ROOT_CLASS = YES_ERROR;
				CLANG_WARN_QUOTED_INCLUDE_IN_FRAMEWORK_HEADER = YES;
				CLANG_WARN_RANGE_LOOP_ANALYSIS = YES;
				CLANG_WARN_STRICT_PROTOTYPES = YES;
				CLANG_WARN_SUSPICIOUS_MOVE = YES;
				CLANG_WARN_UNGUARDED_AVAILABILITY = YES_AGGRESSIVE;
				CLANG_WARN_UNREACHABLE_CODE = YES;
				CLANG_WARN__DUPLICATE_METHOD_MATCH = YES;
				COPY_PHASE_STRIP = NO;
				DEBUG_INFORMATION_FORMAT = "dwarf-with-dsym";
				ENABLE_NS_ASSERTIONS = NO;
				ENABLE_STRICT_OBJC_MSGSEND = YES;
				GCC_C_LANGUAGE_STANDARD = gnu11;
				GCC_NO_COMMON_BLOCKS = YES;
				GCC_WARN_64_TO_32_BIT_CONVERSION = YES;
				GCC_WARN_ABOUT_RETURN_TYPE = YES_ERROR;
				GCC_WARN_UNDECLARED_SELECTOR = YES;
				GCC_WARN_UNINITIALIZED_AUTOS = YES_AGGRESSIVE;
				GCC_WARN_UNUSED_FUNCTION = YES;
				GCC_WARN_UNUSED_VARIABLE = YES;
				IPHONEOS_DEPLOYMENT_TARGET = 16.2;
				MTL_ENABLE_DEBUG_INFO = NO;
				MTL_FAST_MATH = YES;
				SDKROOT = iphoneos;
				SWIFT_COMPILATION_MODE = wholemodule;
				SWIFT_OPTIMIZATION_LEVEL = "-O";
				VALIDATE_PRODUCT = YES;
			};
			name = Release;
		};
		A6AEBC662A6EA6D900C978BF /* Debug */ = {
			isa = XCBuildConfiguration;
			buildSettings = {
				ASSETCATALOG_COMPILER_APPICON_NAME = AppIcon;
				ASSETCATALOG_COMPILER_GLOBAL_ACCENT_COLOR_NAME = AccentColor;
				CODE_SIGN_STYLE = Automatic;
				CURRENT_PROJECT_VERSION = 1;
				DEVELOPMENT_ASSET_PATHS = "\"WeatherApp/Preview Content\"";
				DEVELOPMENT_TEAM = PSX93NF7U3;
				ENABLE_PREVIEWS = YES;
				GENERATE_INFOPLIST_FILE = YES;
				INFOPLIST_KEY_UIApplicationSceneManifest_Generation = YES;
				INFOPLIST_KEY_UIApplicationSupportsIndirectInputEvents = YES;
				INFOPLIST_KEY_UILaunchScreen_Generation = YES;
				INFOPLIST_KEY_UISupportedInterfaceOrientations_iPad = "UIInterfaceOrientationPortrait UIInterfaceOrientationPortraitUpsideDown UIInterfaceOrientationLandscapeLeft UIInterfaceOrientationLandscapeRight";
				INFOPLIST_KEY_UISupportedInterfaceOrientations_iPhone = "UIInterfaceOrientationPortrait UIInterfaceOrientationLandscapeLeft UIInterfaceOrientationLandscapeRight";
				IPHONEOS_DEPLOYMENT_TARGET = 15.0;
				LD_RUNPATH_SEARCH_PATHS = (
					"$(inherited)",
					"@executable_path/Frameworks",
				);
				MARKETING_VERSION = 1.0;
				PRODUCT_BUNDLE_IDENTIFIER = com.sbl.WeatherApp;
				PRODUCT_NAME = "$(TARGET_NAME)";
				SWIFT_EMIT_LOC_STRINGS = YES;
				SWIFT_VERSION = 5.0;
				TARGETED_DEVICE_FAMILY = "1,2";
			};
			name = Debug;
		};
		A6AEBC672A6EA6D900C978BF /* Release */ = {
			isa = XCBuildConfiguration;
			buildSettings = {
				ASSETCATALOG_COMPILER_APPICON_NAME = AppIcon;
				ASSETCATALOG_COMPILER_GLOBAL_ACCENT_COLOR_NAME = AccentColor;
				CODE_SIGN_STYLE = Automatic;
				CURRENT_PROJECT_VERSION = 1;
				DEVELOPMENT_ASSET_PATHS = "\"WeatherApp/Preview Content\"";
				DEVELOPMENT_TEAM = PSX93NF7U3;
				ENABLE_PREVIEWS = YES;
				GENERATE_INFOPLIST_FILE = YES;
				INFOPLIST_KEY_UIApplicationSceneManifest_Generation = YES;
				INFOPLIST_KEY_UIApplicationSupportsIndirectInputEvents = YES;
				INFOPLIST_KEY_UILaunchScreen_Generation = YES;
				INFOPLIST_KEY_UISupportedInterfaceOrientations_iPad = "UIInterfaceOrientationPortrait UIInterfaceOrientationPortraitUpsideDown UIInterfaceOrientationLandscapeLeft UIInterfaceOrientationLandscapeRight";
				INFOPLIST_KEY_UISupportedInterfaceOrientations_iPhone = "UIInterfaceOrientationPortrait UIInterfaceOrientationLandscapeLeft UIInterfaceOrientationLandscapeRight";
				IPHONEOS_DEPLOYMENT_TARGET = 15.0;
				LD_RUNPATH_SEARCH_PATHS = (
					"$(inherited)",
					"@executable_path/Frameworks",
				);
				MARKETING_VERSION = 1.0;
				PRODUCT_BUNDLE_IDENTIFIER = com.sbl.WeatherApp;
				PRODUCT_NAME = "$(TARGET_NAME)";
				SWIFT_EMIT_LOC_STRINGS = YES;
				SWIFT_VERSION = 5.0;
				TARGETED_DEVICE_FAMILY = "1,2";
			};
			name = Release;
		};
/* End XCBuildConfiguration section */

/* Begin XCConfigurationList section */
		A6AEBC522A6EA6D800C978BF /* Build configuration list for PBXProject "WeatherApp" */ = {
			isa = XCConfigurationList;
			buildConfigurations = (
				A6AEBC632A6EA6D900C978BF /* Debug */,
				A6AEBC642A6EA6D900C978BF /* Release */,
			);
			defaultConfigurationIsVisible = 0;
			defaultConfigurationName = Release;
		};
		A6AEBC652A6EA6D900C978BF /* Build configuration list for PBXNativeTarget "WeatherApp" */ = {
			isa = XCConfigurationList;
			buildConfigurations = (
				A6AEBC662A6EA6D900C978BF /* Debug */,
				A6AEBC672A6EA6D900C978BF /* Release */,
			);
			defaultConfigurationIsVisible = 0;
			defaultConfigurationName = Release;
		};
/* End XCConfigurationList section */
	};
	rootObject = A6AEBC4F2A6EA6D800C978BF /* Project object */;
}
